
Microsoft Visual Studio Solution File, Format Version 12.00
# Visual Studio Version 16
VisualStudioVersion = 16.0.29920.165
MinimumVisualStudioVersion = 10.0.40219.1
Project("{FAE04EC0-301F-11D3-BF4B-00C04F79EFBC}") = "OperacionesAritmeticablazor", "OperacionesAritmeticablazor\OperacionesAritmeticablazor.csproj", "{8CC5966C-892F-41D6-B092-B2B4C8D1F243}"
EndProject
Global
	GlobalSection(SolutionConfigurationPlatforms) = preSolution
		Debug|Any CPU = Debug|Any CPU
		Release|Any CPU = Release|Any CPU
	EndGlobalSection
	GlobalSection(ProjectConfigurationPlatforms) = postSolution
		{8CC5966C-892F-41D6-B092-B2B4C8D1F243}.Debug|Any CPU.ActiveCfg = Debug|Any CPU
		{8CC5966C-892F-41D6-B092-B2B4C8D1F243}.Debug|Any CPU.Build.0 = Debug|Any CPU
		{8CC5966C-892F-41D6-B092-B2B4C8D1F243}.Release|Any CPU.ActiveCfg = Release|Any CPU
		{8CC5966C-892F-41D6-B092-B2B4C8D1F243}.Release|Any CPU.Build.0 = Release|Any CPU
	EndGlobalSection
	GlobalSection(SolutionProperties) = preSolution
		HideSolutionNode = FALSE
	EndGlobalSection
	GlobalSection(ExtensibilityGlobals) = postSolution
		SolutionGuid = {83A2EDAA-FC95-4E6D-BDC3-D174653B6217}
	EndGlobalSection
EndGlobal
